PODS:
  - BranchSDK (2.2.0)
  - Flutter (1.0.0)
  - flutter_local_notifications (0.0.1):
    - Flutter

DEPENDENCIES:
  - BranchSDK
  - Flutter (from `Flutter`)
  - flutter_local_notifications (from `.symlinks/plugins/flutter_local_notifications/ios`)

SPEC REPOS:
  trunk:
    - BranchSDK

EXTERNAL SOURCES:
  Flutter:
    :path: Flutter
  flutter_local_notifications:
    :path: ".symlinks/plugins/flutter_local_notifications/ios"

SPEC CHECKSUMS:
  BranchSDK: 8749d10e30725d08b6c188ab90e6fd6223d204db
  Flutter: f04841e97a9d0b0a8025694d0796dd46242b2854
  flutter_local_notifications: 0c0b1ae97e741e1521e4c1629a459d04b9aec743

PODFILE CHECKSUM: e737541621c43c58b53e5ec42d108d6bd18a93a6

COCOAPODS: 1.12.1
